
Microsoft Visual Studio Solution File, Format Version 12.00
# Visual Studio Version 17
VisualStudioVersion = 17.10.35013.160
MinimumVisualStudioVersion = 10.0.40219.1
Project("{FAE04EC0-301F-11D3-BF4B-00C04F79EFBC}") = "WebAPIUdemy", "WebAPIUdemy\WebAPIUdemy.csproj", "{14B75C80-CE93-4CAB-8BE3-B0472BC7D79D}"
EndProject
Global
	GlobalSection(SolutionConfigurationPlatforms) = preSolution
		Debug|Any CPU = Debug|Any CPU
		Release|Any CPU = Release|Any CPU
	EndGlobalSection
	GlobalSection(ProjectConfigurationPlatforms) = postSolution
		{14B75C80-CE93-4CAB-8BE3-B0472BC7D79D}.Debug|Any CPU.ActiveCfg = Debug|Any CPU
		{14B75C80-CE93-4CAB-8BE3-B0472BC7D79D}.Debug|Any CPU.Build.0 = Debug|Any CPU
		{14B75C80-CE93-4CAB-8BE3-B0472BC7D79D}.Release|Any CPU.ActiveCfg = Release|Any CPU
		{14B75C80-CE93-4CAB-8BE3-B0472BC7D79D}.Release|Any CPU.Build.0 = Release|Any CPU
	EndGlobalSection
	GlobalSection(SolutionProperties) = preSolution
		HideSolutionNode = FALSE
	EndGlobalSection
	GlobalSection(ExtensibilityGlobals) = postSolution
		SolutionGuid = {093956C5-2133-427E-9350-493EA565E08C}
	EndGlobalSection
EndGlobal
